
Microsoft Visual Studio Solution File, Format Version 12.00
# Visual Studio Version 17
VisualStudioVersion = 17.4.33213.308
MinimumVisualStudioVersion = 10.0.40219.1
Project("{9A19103F-16F7-4668-BE54-9A1E7A4F7556}") = "Exercice_2", "Exercice_2\Exercice_2.csproj", "{5C781D7A-0DB5-4901-83D0-EECF9C98A6B5}"
EndProject
Project("{9A19103F-16F7-4668-BE54-9A1E7A4F7556}") = "Exercice_1", "Exercice_1\Exercice_1.csproj", "{25ED3FBD-BC81-41C0-BC92-50702D22C2B5}"
EndProject
Project("{9A19103F-16F7-4668-BE54-9A1E7A4F7556}") = "Exercice_3", "Exercice_3\Exercice_3.csproj", "{6BE186EB-CDC8-42BF-9BF9-799BEF902A36}"
EndProject
Project("{9A19103F-16F7-4668-BE54-9A1E7A4F7556}") = "Exercice_4", "Exercice_4\Exercice_4.csproj", "{003F4056-E2F9-42F2-BD4B-65C32FFCF0FC}"
EndProject
Project("{9A19103F-16F7-4668-BE54-9A1E7A4F7556}") = "Exercice_5", "Exercice_5\Exercice_5.csproj", "{681149CA-A896-48A4-81C2-38834952E69D}"
EndProject
Project("{9A19103F-16F7-4668-BE54-9A1E7A4F7556}") = "Exercice_6", "Exercice_6\Exercice_6.csproj", "{A5555325-7DA8-4EBE-8A20-5EEF93DB598B}"
EndProject
Project("{2150E333-8FDC-42A3-9474-1A3956D46DE8}") = "Algorithmies", "Algorithmies", "{91DA2315-7606-4BC5-BF3F-D2C5ADAA0609}"
EndProject
Project("{2150E333-8FDC-42A3-9474-1A3956D46DE8}") = "Webs", "Webs", "{18C1C631-2D4B-4DE9-BED4-658C3D351BA9}"
EndProject
Project("{FAE04EC0-301F-11D3-BF4B-00C04F79EFBC}") = "WebApp_01", "WebApp_01\WebApp_01.csproj", "{D5D5A7F0-95C8-4DE0-8578-885EEE9B64B7}"
EndProject
Global
	GlobalSection(SolutionConfigurationPlatforms) = preSolution
		Debug|Any CPU = Debug|Any CPU
		Release|Any CPU = Release|Any CPU
	EndGlobalSection
	GlobalSection(ProjectConfigurationPlatforms) = postSolution
		{5C781D7A-0DB5-4901-83D0-EECF9C98A6B5}.Debug|Any CPU.ActiveCfg = Debug|Any CPU
		{5C781D7A-0DB5-4901-83D0-EECF9C98A6B5}.Debug|Any CPU.Build.0 = Debug|Any CPU
		{5C781D7A-0DB5-4901-83D0-EECF9C98A6B5}.Release|Any CPU.ActiveCfg = Release|Any CPU
		{5C781D7A-0DB5-4901-83D0-EECF9C98A6B5}.Release|Any CPU.Build.0 = Release|Any CPU
		{25ED3FBD-BC81-41C0-BC92-50702D22C2B5}.Debug|Any CPU.ActiveCfg = Debug|Any CPU
		{25ED3FBD-BC81-41C0-BC92-50702D22C2B5}.Debug|Any CPU.Build.0 = Debug|Any CPU
		{25ED3FBD-BC81-41C0-BC92-50702D22C2B5}.Release|Any CPU.ActiveCfg = Release|Any CPU
		{25ED3FBD-BC81-41C0-BC92-50702D22C2B5}.Release|Any CPU.Build.0 = Release|Any CPU
		{6BE186EB-CDC8-42BF-9BF9-799BEF902A36}.Debug|Any CPU.ActiveCfg = Debug|Any CPU
		{6BE186EB-CDC8-42BF-9BF9-799BEF902A36}.Debug|Any CPU.Build.0 = Debug|Any CPU
		{6BE186EB-CDC8-42BF-9BF9-799BEF902A36}.Release|Any CPU.ActiveCfg = Release|Any CPU
		{6BE186EB-CDC8-42BF-9BF9-799BEF902A36}.Release|Any CPU.Build.0 = Release|Any CPU
		{003F4056-E2F9-42F2-BD4B-65C32FFCF0FC}.Debug|Any CPU.ActiveCfg = Debug|Any CPU
		{003F4056-E2F9-42F2-BD4B-65C32FFCF0FC}.Debug|Any CPU.Build.0 = Debug|Any CPU
		{003F4056-E2F9-42F2-BD4B-65C32FFCF0FC}.Release|Any CPU.ActiveCfg = Release|Any CPU
		{003F4056-E2F9-42F2-BD4B-65C32FFCF0FC}.Release|Any CPU.Build.0 = Release|Any CPU
		{681149CA-A896-48A4-81C2-38834952E69D}.Debug|Any CPU.ActiveCfg = Debug|Any CPU
		{681149CA-A896-48A4-81C2-38834952E69D}.Debug|Any CPU.Build.0 = Debug|Any CPU
		{681149CA-A896-48A4-81C2-38834952E69D}.Release|Any CPU.ActiveCfg = Release|Any CPU
		{681149CA-A896-48A4-81C2-38834952E69D}.Release|Any CPU.Build.0 = Release|Any CPU
		{A5555325-7DA8-4EBE-8A20-5EEF93DB598B}.Debug|Any CPU.ActiveCfg = Debug|Any CPU
		{A5555325-7DA8-4EBE-8A20-5EEF93DB598B}.Debug|Any CPU.Build.0 = Debug|Any CPU
		{A5555325-7DA8-4EBE-8A20-5EEF93DB598B}.Release|Any CPU.ActiveCfg = Release|Any CPU
		{A5555325-7DA8-4EBE-8A20-5EEF93DB598B}.Release|Any CPU.Build.0 = Release|Any CPU
		{D5D5A7F0-95C8-4DE0-8578-885EEE9B64B7}.Debug|Any CPU.ActiveCfg = Debug|Any CPU
		{D5D5A7F0-95C8-4DE0-8578-885EEE9B64B7}.Debug|Any CPU.Build.0 = Debug|Any CPU
		{D5D5A7F0-95C8-4DE0-8578-885EEE9B64B7}.Release|Any CPU.ActiveCfg = Release|Any CPU
		{D5D5A7F0-95C8-4DE0-8578-885EEE9B64B7}.Release|Any CPU.Build.0 = Release|Any CPU
	EndGlobalSection
	GlobalSection(SolutionProperties) = preSolution
		HideSolutionNode = FALSE
	EndGlobalSection
	GlobalSection(NestedProjects) = preSolution
		{5C781D7A-0DB5-4901-83D0-EECF9C98A6B5} = {91DA2315-7606-4BC5-BF3F-D2C5ADAA0609}
		{25ED3FBD-BC81-41C0-BC92-50702D22C2B5} = {91DA2315-7606-4BC5-BF3F-D2C5ADAA0609}
		{6BE186EB-CDC8-42BF-9BF9-799BEF902A36} = {91DA2315-7606-4BC5-BF3F-D2C5ADAA0609}
		{003F4056-E2F9-42F2-BD4B-65C32FFCF0FC} = {91DA2315-7606-4BC5-BF3F-D2C5ADAA0609}
		{681149CA-A896-48A4-81C2-38834952E69D} = {91DA2315-7606-4BC5-BF3F-D2C5ADAA0609}
		{A5555325-7DA8-4EBE-8A20-5EEF93DB598B} = {91DA2315-7606-4BC5-BF3F-D2C5ADAA0609}
		{D5D5A7F0-95C8-4DE0-8578-885EEE9B64B7} = {18C1C631-2D4B-4DE9-BED4-658C3D351BA9}
	EndGlobalSection
	GlobalSection(ExtensibilityGlobals) = postSolution
		SolutionGuid = {E3D8E351-9A36-417F-944A-DE4F123A2677}
	EndGlobalSection
EndGlobal
